
Microsoft Visual Studio Solution File, Format Version 12.00
# Visual Studio Version 16
VisualStudioVersion = 16.0.32228.343
MinimumVisualStudioVersion = 10.0.40219.1
Project("{9A19103F-16F7-4668-BE54-9A1E7A4F7556}") = "problem_1", "problem_1\problem_1.csproj", "{53F74CF2-7D1C-4CC7-B6E2-4E6FD72ACF1C}"
EndProject
Project("{FAE04EC0-301F-11D3-BF4B-00C04F79EFBC}") = "problem_2", "problem_2\problem_2.csproj", "{7425311F-47DA-4A28-BD0B-2CCB9EE59FD1}"
EndProject
Global
	GlobalSection(SolutionConfigurationPlatforms) = preSolution
		Debug|Any CPU = Debug|Any CPU
		Release|Any CPU = Release|Any CPU
	EndGlobalSection
	GlobalSection(ProjectConfigurationPlatforms) = postSolution
		{53F74CF2-7D1C-4CC7-B6E2-4E6FD72ACF1C}.Debug|Any CPU.ActiveCfg = Debug|Any CPU
		{53F74CF2-7D1C-4CC7-B6E2-4E6FD72ACF1C}.Debug|Any CPU.Build.0 = Debug|Any CPU
		{53F74CF2-7D1C-4CC7-B6E2-4E6FD72ACF1C}.Release|Any CPU.ActiveCfg = Release|Any CPU
		{53F74CF2-7D1C-4CC7-B6E2-4E6FD72ACF1C}.Release|Any CPU.Build.0 = Release|Any CPU
		{7425311F-47DA-4A28-BD0B-2CCB9EE59FD1}.Debug|Any CPU.ActiveCfg = Debug|Any CPU
		{7425311F-47DA-4A28-BD0B-2CCB9EE59FD1}.Debug|Any CPU.Build.0 = Debug|Any CPU
		{7425311F-47DA-4A28-BD0B-2CCB9EE59FD1}.Release|Any CPU.ActiveCfg = Release|Any CPU
		{7425311F-47DA-4A28-BD0B-2CCB9EE59FD1}.Release|Any CPU.Build.0 = Release|Any CPU
	EndGlobalSection
	GlobalSection(SolutionProperties) = preSolution
		HideSolutionNode = FALSE
	EndGlobalSection
	GlobalSection(ExtensibilityGlobals) = postSolution
		SolutionGuid = {F6D730F1-3D0D-4AEE-AFD4-26706E98528E}
	EndGlobalSection
EndGlobal
